
Microsoft Visual Studio Solution File, Format Version 12.00
# Visual Studio Version 17
VisualStudioVersion = 17.8.34322.80
MinimumVisualStudioVersion = 10.0.40219.1
Project("{FAE04EC0-301F-11D3-BF4B-00C04F79EFBC}") = "Day22", "Day22.csproj", "{EB0D6090-4954-4324-8FBA-C7D6AD18ABBF}"
EndProject
Global
	GlobalSection(SolutionConfigurationPlatforms) = preSolution
		Debug|Any CPU = Debug|Any CPU
		Release|Any CPU = Release|Any CPU
	EndGlobalSection
	GlobalSection(ProjectConfigurationPlatforms) = postSolution
		{EB0D6090-4954-4324-8FBA-C7D6AD18ABBF}.Debug|Any CPU.ActiveCfg = Debug|Any CPU
		{EB0D6090-4954-4324-8FBA-C7D6AD18ABBF}.Debug|Any CPU.Build.0 = Debug|Any CPU
		{EB0D6090-4954-4324-8FBA-C7D6AD18ABBF}.Release|Any CPU.ActiveCfg = Release|Any CPU
		{EB0D6090-4954-4324-8FBA-C7D6AD18ABBF}.Release|Any CPU.Build.0 = Release|Any CPU
	EndGlobalSection
	GlobalSection(SolutionProperties) = preSolution
		HideSolutionNode = FALSE
	EndGlobalSection
	GlobalSection(ExtensibilityGlobals) = postSolution
		SolutionGuid = {90742503-DD5D-4ED4-8996-92518EAAD8EB}
	EndGlobalSection
EndGlobal
